
Microsoft Visual Studio Solution File, Format Version 12.00
# Visual Studio Version 17
VisualStudioVersion = 17.7.34024.191
MinimumVisualStudioVersion = 10.0.40219.1
Project("{9A19103F-16F7-4668-BE54-9A1E7A4F7556}") = "MyProjectBlazor.Server", "MyProjectBlazor\Server\MyProjectBlazor.Server.csproj", "{A2E3836A-9777-41DD-BADA-107F73793C2F}"
EndProject
Project("{9A19103F-16F7-4668-BE54-9A1E7A4F7556}") = "MyProjectBlazor.Client", "MyProjectBlazor\Client\MyProjectBlazor.Client.csproj", "{5A324D00-EAB1-456B-B7D8-A4D24C15964E}"
EndProject
Project("{9A19103F-16F7-4668-BE54-9A1E7A4F7556}") = "MyProjectBlazor.Shared", "MyProjectBlazor\Shared\MyProjectBlazor.Shared.csproj", "{66273E2E-8DAD-4A60-AB93-99DFBB6B1061}"
EndProject
Global
	GlobalSection(SolutionConfigurationPlatforms) = preSolution
		Debug|Any CPU = Debug|Any CPU
		Release|Any CPU = Release|Any CPU
	EndGlobalSection
	GlobalSection(ProjectConfigurationPlatforms) = postSolution
		{A2E3836A-9777-41DD-BADA-107F73793C2F}.Debug|Any CPU.ActiveCfg = Debug|Any CPU
		{A2E3836A-9777-41DD-BADA-107F73793C2F}.Debug|Any CPU.Build.0 = Debug|Any CPU
		{A2E3836A-9777-41DD-BADA-107F73793C2F}.Release|Any CPU.ActiveCfg = Release|Any CPU
		{A2E3836A-9777-41DD-BADA-107F73793C2F}.Release|Any CPU.Build.0 = Release|Any CPU
		{5A324D00-EAB1-456B-B7D8-A4D24C15964E}.Debug|Any CPU.ActiveCfg = Debug|Any CPU
		{5A324D00-EAB1-456B-B7D8-A4D24C15964E}.Debug|Any CPU.Build.0 = Debug|Any CPU
		{5A324D00-EAB1-456B-B7D8-A4D24C15964E}.Release|Any CPU.ActiveCfg = Release|Any CPU
		{5A324D00-EAB1-456B-B7D8-A4D24C15964E}.Release|Any CPU.Build.0 = Release|Any CPU
		{66273E2E-8DAD-4A60-AB93-99DFBB6B1061}.Debug|Any CPU.ActiveCfg = Debug|Any CPU
		{66273E2E-8DAD-4A60-AB93-99DFBB6B1061}.Debug|Any CPU.Build.0 = Debug|Any CPU
		{66273E2E-8DAD-4A60-AB93-99DFBB6B1061}.Release|Any CPU.ActiveCfg = Release|Any CPU
		{66273E2E-8DAD-4A60-AB93-99DFBB6B1061}.Release|Any CPU.Build.0 = Release|Any CPU
	EndGlobalSection
	GlobalSection(SolutionProperties) = preSolution
		HideSolutionNode = FALSE
	EndGlobalSection
	GlobalSection(ExtensibilityGlobals) = postSolution
		SolutionGuid = {FE2A7FCB-8971-4AB6-8077-82142C32713B}
	EndGlobalSection
EndGlobal
